Microsoft Visual Studio Solution File, Format Version 12.00
# Visual Studio 2012
Project("{FAE04EC0-301F-11D3-BF4B-00C04F79EFBC}") = "BadBunnyGames", "BadBunnyGames.csproj", "{6C6643D3-5E59-453E-AE2E-E5CBCB99A2EF}"
EndProject
Global
	GlobalSection(SolutionConfigurationPlatforms) = preSolution
	Debug|Any CPU = Debug|Any CPU
	ExportDebug|Any CPU = ExportDebug|Any CPU
	ExportRelease|Any CPU = ExportRelease|Any CPU
	EndGlobalSection
	GlobalSection(ProjectConfigurationPlatforms) = postSolution
		{6C6643D3-5E59-453E-AE2E-E5CBCB99A2EF}.Debug|Any CPU.ActiveCfg = Debug|Any CPU
		{6C6643D3-5E59-453E-AE2E-E5CBCB99A2EF}.Debug|Any CPU.Build.0 = Debug|Any CPU
		{6C6643D3-5E59-453E-AE2E-E5CBCB99A2EF}.ExportDebug|Any CPU.ActiveCfg = ExportDebug|Any CPU
		{6C6643D3-5E59-453E-AE2E-E5CBCB99A2EF}.ExportDebug|Any CPU.Build.0 = ExportDebug|Any CPU
		{6C6643D3-5E59-453E-AE2E-E5CBCB99A2EF}.ExportRelease|Any CPU.ActiveCfg = ExportRelease|Any CPU
		{6C6643D3-5E59-453E-AE2E-E5CBCB99A2EF}.ExportRelease|Any CPU.Build.0 = ExportRelease|Any CPU
	EndGlobalSection
EndGlobal
